// !$*UTF8*$!
{
	archiveVersion = 1;
	classes = {
	};
	objectVersion = 50;
	objects = {

/* Begin PBXBuildFile section */
		FDD27B5323A8D8B900F1878F /* AppDelegate.swift in Sources */ = {isa = PBXBuildFile; fileRef = FDD27B5223A8D8B900F1878F /* AppDelegate.swift */; };
		FDD27B5523A8D8B900F1878F /* SceneDelegate.swift in Sources */ = {isa = PBXBuildFile; fileRef = FDD27B5423A8D8B900F1878F /* SceneDelegate.swift */; };
		FDD27B5723A8D8B900F1878F /* ViewController.swift in Sources */ = {isa = PBXBuildFile; fileRef = FDD27B5623A8D8B900F1878F /* ViewController.swift */; };
		FDD27B5A23A8D8B900F1878F /* Main.storyboard in Resources */ = {isa = PBXBuildFile; fileRef = FDD27B5823A8D8B900F1878F /* Main.storyboard */; };
		FDD27B5C23A8D8BB00F1878F /* Assets.xcassets in Resources */ = {isa = PBXBuildFile; fileRef = FDD27B5B23A8D8BB00F1878F /* Assets.xcassets */; };
		FDD27B5F23A8D8BB00F1878F /* LaunchScreen.storyboard in Resources */ = {isa = PBXBuildFile; fileRef = FDD27B5D23A8D8BB00F1878F /* LaunchScreen.storyboard */; };
		FDD27B6723A8DDF200F1878F /* ResultViewController.swift in Sources */ = {isa = PBXBuildFile; fileRef = FDD27B6623A8DDF200F1878F /* ResultViewController.swift */; };
/* End PBXBuildFile section */

/* Begin PBXFileReference section */
		FDD27B4F23A8D8B900F1878F /* Hesapla.app */ = {isa = PBXFileReference; explicitFileType = wrapper.application; includeInIndex = 0; path = Hesapla.app; sourceTree = BUILT_PRODUCTS_DIR; };
		FDD27B5223A8D8B900F1878F /* AppDelegate.swift */ = {isa = PBXFileReference; lastKnownFileType = sourcecode.swift; path = AppDelegate.swift; sourceTree = "<group>"; };
		FDD27B5423A8D8B900F1878F /* SceneDelegate.swift */ = {isa = PBXFileReference; lastKnownFileType = sourcecode.swift; path = SceneDelegate.swift; sourceTree = "<group>"; };
		FDD27B5623A8D8B900F1878F /* ViewController.swift */ = {isa = PBXFileReference; lastKnownFileType = sourcecode.swift; path = ViewController.swift; sourceTree = "<group>"; };
		FDD27B5923A8D8B900F1878F /* Base */ = {isa = PBXFileReference; lastKnownFileType = file.storyboard; name = Base; path = Base.lproj/Main.storyboard; sourceTree = "<group>"; };
		FDD27B5B23A8D8BB00F1878F /* Assets.xcassets */ = {isa = PBXFileReference; lastKnownFileType = folder.assetcatalog; path = Assets.xcassets; sourceTree = "<group>"; };
		FDD27B5E23A8D8BB00F1878F /* Base */ = {isa = PBXFileReference; lastKnownFileType = file.storyboard; name = Base; path = Base.lproj/LaunchScreen.storyboard; sourceTree = "<group>"; };
		FDD27B6023A8D8BB00F1878F /* Info.plist */ = {isa = PBXFileReference; lastKnownFileType = text.plist.xml; path = Info.plist; sourceTree = "<group>"; };
		FDD27B6623A8DDF200F1878F /* ResultViewController.swift */ = {isa = PBXFileReference; lastKnownFileType = sourcecode.swift; path = ResultViewController.swift; sourceTree = "<group>"; };
/* End PBXFileReference section */

/* Begin PBXFrameworksBuildPhase section */
		FDD27B4C23A8D8B900F1878F /* Frameworks */ = {
			isa = PBXFrameworksBuildPhase;
			buildActionMask = 2147483647;
			files = (
			);
			runOnlyForDeploymentPostprocessing = 0;
		};
/* End PBXFrameworksBuildPhase section */

/* Begin PBXGroup section */
		FDD27B4623A8D8B900F1878F = {
			isa = PBXGroup;
			children = (
				FDD27B5123A8D8B900F1878F /* Hesapla */,
				FDD27B5023A8D8B900F1878F /* Products */,
			);
			sourceTree = "<group>";
		};
		FDD27B5023A8D8B900F1878F /* Products */ = {
			isa = PBXGroup;
			children = (
				FDD27B4F23A8D8B900F1878F /* Hesapla.app */,
			);
			name = Products;
			sourceTree = "<group>";
		};
		FDD27B5123A8D8B900F1878F /* Hesapla */ = {
			isa = PBXGroup;
			children = (
				FDD27B5223A8D8B900F1878F /* AppDelegate.swift */,
				FDD27B5423A8D8B900F1878F /* SceneDelegate.swift */,
				FDD27B5623A8D8B900F1878F /* ViewController.swift */,
				FDD27B5823A8D8B900F1878F /* Main.storyboard */,
				FDD27B5B23A8D8BB00F1878F /* Assets.xcassets */,
				FDD27B5D23A8D8BB00F1878F /* LaunchScreen.storyboard */,
				FDD27B6023A8D8BB00F1878F /* Info.plist */,
				FDD27B6623A8DDF200F1878F /* ResultViewController.swift */,
			);
			path = Hesapla;
			sourceTree = "<group>";
		};
/* End PBXGroup section */

/* Begin PBXNativeTarget section */
		FDD27B4E23A8D8B900F1878F /* Hesapla */ = {
			isa = PBXNativeTarget;
			buildConfigurationList = FDD27B6323A8D8BB00F1878F /* Build configuration list for PBXNativeTarget "Hesapla" */;
			buildPhases = (
				FDD27B4B23A8D8B900F1878F /* Sources */,
				FDD27B4C23A8D8B900F1878F /* Frameworks */,
				FDD27B4D23A8D8B900F1878F /* Resources */,
			);
			buildRules = (
			);
			dependencies = (
			);
			name = Hesapla;
			productName = Hesapla;
			productReference = FDD27B4F23A8D8B900F1878F /* Hesapla.app */;
			productType = "com.apple.product-type.application";
		};
/* End PBXNativeTarget section */

/* Begin PBXProject section */
		FDD27B4723A8D8B900F1878F /* Project object */ = {
			isa = PBXProject;
			attributes = {
				LastSwiftUpdateCheck = 1110;
				LastUpgradeCheck = 1110;
				ORGANIZATIONNAME = "Sacit Küheylan";
				TargetAttributes = {
					FDD27B4E23A8D8B900F1878F = {
						CreatedOnToolsVersion = 11.1;
					};
				};
			};
			buildConfigurationList = FDD27B4A23A8D8B900F1878F /* Build configuration list for PBXProject "Hesapla" */;
			compatibilityVersion = "Xcode 9.3";
			developmentRegion = en;
			hasScannedForEncodings = 0;
			knownRegions = (
				en,
				Base,
			);
			mainGroup = FDD27B4623A8D8B900F1878F;
			productRefGroup = FDD27B5023A8D8B900F1878F /* Products */;
			projectDirPath = "";
			projectRoot = "";
			targets = (
				FDD27B4E23A8D8B900F1878F /* Hesapla */,
			);
		};
/* End PBXProject section */

/* Begin PBXResourcesBuildPhase section */
		FDD27B4D23A8D8B900F1878F /* Resources */ = {
			isa = PBXResourcesBuildPhase;
			buildActionMask = 2147483647;
			files = (
				FDD27B5F23A8D8BB00F1878F /* LaunchScreen.storyboard in Resources */,
				FDD27B5C23A8D8BB00F1878F /* Assets.xcassets in Resources */,
				FDD27B5A23A8D8B900F1878F /* Main.storyboard in Resources */,
			);
			runOnlyForDeploymentPostprocessing = 0;
		};
/* End PBXResourcesBuildPhase section */

/* Begin PBXSourcesBuildPhase section */
		FDD27B4B23A8D8B900F1878F /* Sources */ = {
			isa = PBXSourcesBuildPhase;
			buildActionMask = 2147483647;
			files = (
				FDD27B5723A8D8B900F1878F /* ViewController.swift in Sources */,
				FDD27B5323A8D8B900F1878F /* AppDelegate.swift in Sources */,
				FDD27B5523A8D8B900F1878F /* SceneDelegate.swift in Sources */,
				FDD27B6723A8DDF200F1878F /* ResultViewController.swift in Sources */,
			);
			runOnlyForDeploymentPostprocessing = 0;
		};
/* End PBXSourcesBuildPhase section */

/* Begin PBXVariantGroup section */
		FDD27B5823A8D8B900F1878F /* Main.storyboard */ = {
			isa = PBXVariantGroup;
			children = (
				FDD27B5923A8D8B900F1878F /* Base */,
			);
			name = Main.storyboard;
			sourceTree = "<group>";
		};
		FDD27B5D23A8D8BB00F1878F /* LaunchScreen.storyboard */ = {
			isa = PBXVariantGroup;
			children = (
				FDD27B5E23A8D8BB00F1878F /* Base */,
			);
			name = LaunchScreen.storyboard;
			sourceTree = "<group>";
		};
/* End PBXVariantGroup section */

/* Begin XCBuildConfiguration section */
		FDD27B6123A8D8BB00F1878F /* Debug */ = {
			isa = XCBuildConfiguration;
			buildSettings = {
				ALWAYS_SEARCH_USER_PATHS = NO;
				CLANG_ANALYZER_NONNULL = YES;
				CLANG_ANALYZER_NUMBER_OBJECT_CONVERSION = YES_AGGRESSIVE;
				CLANG_CXX_LANGUAGE_STANDARD = "gnu++14";
				CLANG_CXX_LIBRARY = "libc++";
				CLANG_ENABLE_MODULES = YES;
				CLANG_ENABLE_OBJC_ARC = YES;
				CLANG_ENABLE_OBJC_WEAK = YES;
				CLANG_WARN_BLOCK_CAPTURE_AUTORELEASING = YES;
				CLANG_WARN_BOOL_CONVERSION = YES;
				CLANG_WARN_COMMA = YES;
				CLANG_WARN_CONSTANT_CONVERSION = YES;
				CLANG_WARN_DEPRECATED_OBJC_IMPLEMENTATIONS = YES;
				CLANG_WARN_DIRECT_OBJC_ISA_USAGE = YES_ERROR;
				CLANG_WARN_DOCUMENTATION_COMMENTS = YES;
				CLANG_WARN_EMPTY_BODY = YES;
				CLANG_WARN_ENUM_CONVERSION = YES;
				CLANG_WARN_INFINITE_RECURSION = YES;
				CLANG_WARN_INT_CONVERSION = YES;
				CLANG_WARN_NON_LITERAL_NULL_CONVERSION = YES;
				CLANG_WARN_OBJC_IMPLICIT_RETAIN_SELF = YES;
				CLANG_WARN_OBJC_LITERAL_CONVERSION = YES;
				CLANG_WARN_OBJC_ROOT_CLASS = YES_ERROR;
				CLANG_WARN_RANGE_LOOP_ANALYSIS = YES;
				CLANG_WARN_STRICT_PROTOTYPES = YES;
				CLANG_WARN_SUSPICIOUS_MOVE = YES;
				CLANG_WARN_UNGUARDED_AVAILABILITY = YES_AGGRESSIVE;
				CLANG_WARN_UNREACHABLE_CODE = YES;
				CLANG_WARN__DUPLICATE_METHOD_MATCH = YES;
				COPY_PHASE_STRIP = NO;
				DEBUG_INFORMATION_FORMAT = dwarf;
				ENABLE_STRICT_OBJC_MSGSEND = YES;
				ENABLE_TESTABILITY = YES;
				GCC_C_LANGUAGE_STANDARD = gnu11;
				GCC_DYNAMIC_NO_PIC = NO;
				GCC_NO_COMMON_BLOCKS = YES;
				GCC_OPTIMIZATION_LEVEL = 0;
				GCC_PREPROCESSOR_DEFINITIONS = (
					"DEBUG=1",
					"$(inherited)",
				);
				GCC_WARN_64_TO_32_BIT_CONVERSION = YES;
				GCC_WARN_ABOUT_RETURN_TYPE = YES_ERROR;
				GCC_WARN_UNDECLARED_SELECTOR = YES;
				GCC_WARN_UNINITIALIZED_AUTOS = YES_AGGRESSIVE;
				GCC_WARN_UNUSED_FUNCTION = YES;
				GCC_WARN_UNUSED_VARIABLE = YES;
				IPHONEOS_DEPLOYMENT_TARGET = 13.1;
				MTL_ENABLE_DEBUG_INFO = INCLUDE_SOURCE;
				MTL_FAST_MATH = YES;
				ONLY_ACTIVE_ARCH = YES;
				SDKROOT = iphoneos;
				SWIFT_ACTIVE_COMPILATION_CONDITIONS = DEBUG;
				SWIFT_OPTIMIZATION_LEVEL = "-Onone";
			};
			name = Debug;
		};
		FDD27B6223A8D8BB00F1878F /* Release */ = {
			isa = XCBuildConfiguration;
			buildSettings = {
				ALWAYS_SEARCH_USER_PATHS = NO;
				CLANG_ANALYZER_NONNULL = YES;
				CLANG_ANALYZER_NUMBER_OBJECT_CONVERSION = YES_AGGRESSIVE;
				CLANG_CXX_LANGUAGE_STANDARD = "gnu++14";
				CLANG_CXX_LIBRARY = "libc++";
				CLANG_ENABLE_MODULES = YES;
				CLANG_ENABLE_OBJC_ARC = YES;
				CLANG_ENABLE_OBJC_WEAK = YES;
				CLANG_WARN_BLOCK_CAPTURE_AUTORELEASING = YES;
				CLANG_WARN_BOOL_CONVERSION = YES;
				CLANG_WARN_COMMA = YES;
				CLANG_WARN_CONSTANT_CONVERSION = YES;
				CLANG_WARN_DEPRECATED_OBJC_IMPLEMENTATIONS = YES;
				CLANG_WARN_DIRECT_OBJC_ISA_USAGE = YES_ERROR;
				CLANG_WARN_DOCUMENTATION_COMMENTS = YES;
				CLANG_WARN_EMPTY_BODY = YES;
				CLANG_WARN_ENUM_CONVERSION = YES;
				CLANG_WARN_INFINITE_RECURSION = YES;
				CLANG_WARN_INT_CONVERSION = YES;
				CLANG_WARN_NON_LITERAL_NULL_CONVERSION = YES;
				CLANG_WARN_OBJC_IMPLICIT_RETAIN_SELF = YES;
				CLANG_WARN_OBJC_LITERAL_CONVERSION = YES;
				CLANG_WARN_OBJC_ROOT_CLASS = YES_ERROR;
				CLANG_WARN_RANGE_LOOP_ANALYSIS = YES;
				CLANG_WARN_STRICT_PROTOTYPES = YES;
				CLANG_WARN_SUSPICIOUS_MOVE = YES;
				CLANG_WARN_UNGUARDED_AVAILABILITY = YES_AGGRESSIVE;
				CLANG_WARN_UNREACHABLE_CODE = YES;
				CLANG_WARN__DUPLICATE_METHOD_MATCH = YES;
				COPY_PHASE_STRIP = NO;
				DEBUG_INFORMATION_FORMAT = "dwarf-with-dsym";
				ENABLE_NS_ASSERTIONS = NO;
				ENABLE_STRICT_OBJC_MSGSEND = YES;
				GCC_C_LANGUAGE_STANDARD = gnu11;
				GCC_NO_COMMON_BLOCKS = YES;
				GCC_WARN_64_TO_32_BIT_CONVERSION = YES;
				GCC_WARN_ABOUT_RETURN_TYPE = YES_ERROR;
				GCC_WARN_UNDECLARED_SELECTOR = YES;
				GCC_WARN_UNINITIALIZED_AUTOS = YES_AGGRESSIVE;
				GCC_WARN_UNUSED_FUNCTION = YES;
				GCC_WARN_UNUSED_VARIABLE = YES;
				IPHONEOS_DEPLOYMENT_TARGET = 13.1;
				MTL_ENABLE_DEBUG_INFO = NO;
				MTL_FAST_MATH = YES;
				SDKROOT = iphoneos;
				SWIFT_COMPILATION_MODE = wholemodule;
				SWIFT_OPTIMIZATION_LEVEL = "-O";
				VALIDATE_PRODUCT = YES;
			};
			name = Release;
		};
		FDD27B6423A8D8BB00F1878F /* Debug */ = {
			isa = XCBuildConfiguration;
			buildSettings = {
				ASSETCATALOG_COMPILER_APPICON_NAME = AppIcon;
				CODE_SIGN_STYLE = Automatic;
				INFOPLIST_FILE = Hesapla/Info.plist;
				LD_RUNPATH_SEARCH_PATHS = (
					"$(inherited)",
					"@executable_path/Frameworks",
				);
				PRODUCT_BUNDLE_IDENTIFIER = tech.sacitkuheylan.Hesapla;
				PRODUCT_NAME = "$(TARGET_NAME)";
				SWIFT_VERSION = 5.0;
				TARGETED_DEVICE_FAMILY = "1,2";
			};
			name = Debug;
		};
		FDD27B6523A8D8BB00F1878F /* Release */ = {
			isa = XCBuildConfiguration;
			buildSettings = {
				ASSETCATALOG_COMPILER_APPICON_NAME = AppIcon;
				CODE_SIGN_STYLE = Automatic;
				INFOPLIST_FILE = Hesapla/Info.plist;
				LD_RUNPATH_SEARCH_PATHS = (
					"$(inherited)",
					"@executable_path/Frameworks",
				);
				PRODUCT_BUNDLE_IDENTIFIER = tech.sacitkuheylan.Hesapla;
				PRODUCT_NAME = "$(TARGET_NAME)";
				SWIFT_VERSION = 5.0;
				TARGETED_DEVICE_FAMILY = "1,2";
			};
			name = Release;
		};
/* End XCBuildConfiguration section */

/* Begin XCConfigurationList section */
		FDD27B4A23A8D8B900F1878F /* Build configuration list for PBXProject "Hesapla" */ = {
			isa = XCConfigurationList;
			buildConfigurations = (
				FDD27B6123A8D8BB00F1878F /* Debug */,
				FDD27B6223A8D8BB00F1878F /* Release */,
			);
			defaultConfigurationIsVisible = 0;
			defaultConfigurationName = Release;
		};
		FDD27B6323A8D8BB00F1878F /* Build configuration list for PBXNativeTarget "Hesapla" */ = {
			isa = XCConfigurationList;
			buildConfigurations = (
				FDD27B6423A8D8BB00F1878F /* Debug */,
				FDD27B6523A8D8BB00F1878F /* Release */,
			);
			defaultConfigurationIsVisible = 0;
			defaultConfigurationName = Release;
		};
/* End XCConfigurationList section */
	};
	rootObject = FDD27B4723A8D8B900F1878F /* Project object */;
}
